
Microsoft Visual Studio Solution File, Format Version 12.00
# Visual Studio Version 16
VisualStudioVersion = 16.0.37027.11
MinimumVisualStudioVersion = 10.0.40219.1
Project("{FAE04EC0-301F-11D3-BF4B-00C04F79EFBC}") = "MoveImageForm", "MoveImageForm\MoveImageForm.csproj", "{5FEFF74C-DE8E-48A4-8663-7A59E12AAB1C}"
EndProject
Global
	GlobalSection(SolutionConfigurationPlatforms) = preSolution
		Debug|Any CPU = Debug|Any CPU
		Release|Any CPU = Release|Any CPU
	EndGlobalSection
	GlobalSection(ProjectConfigurationPlatforms) = postSolution
		{5FEFF74C-DE8E-48A4-8663-7A59E12AAB1C}.Debug|Any CPU.ActiveCfg = Debug|Any CPU
		{5FEFF74C-DE8E-48A4-8663-7A59E12AAB1C}.Debug|Any CPU.Build.0 = Debug|Any CPU
		{5FEFF74C-DE8E-48A4-8663-7A59E12AAB1C}.Release|Any CPU.ActiveCfg = Release|Any CPU
		{5FEFF74C-DE8E-48A4-8663-7A59E12AAB1C}.Release|Any CPU.Build.0 = Release|Any CPU
	EndGlobalSection
	GlobalSection(SolutionProperties) = preSolution
		HideSolutionNode = FALSE
	EndGlobalSection
	GlobalSection(ExtensibilityGlobals) = postSolution
		SolutionGuid = {4FF3FC5E-1ADC-4ABA-8888-13A51B34BF0E}
	EndGlobalSection
EndGlobal
